{
  "name": "demo",
  "lockfileVersion": 2,
  "requires": true,
  "packages": {
    "": {
      "dependencies": {
        "weui": "^2.4.4"
      }
    },
    "node_modules/weui": {
      "version": "2.4.4",
      "resolved": "https://registry.npmjs.org/weui/-/weui-2.4.4.tgz",
      "integrity": "sha512-rqxKAFaDBKkF6H1GzumDR/CLcGBxCzOZ1KUIXqOieZ316wbaxojgs/j1w9RrsjkCdH6zL1kLnr/elsDKB9pMdg=="
    }
  },
  "dependencies": {
    "weui": {
      "version": "2.4.4",
      "resolved": "https://registry.npmjs.org/weui/-/weui-2.4.4.tgz",
      "integrity": "sha512-rqxKAFaDBKkF6H1GzumDR/CLcGBxCzOZ1KUIXqOieZ316wbaxojgs/j1w9RrsjkCdH6zL1kLnr/elsDKB9pMdg=="
    }
  }
}
